
Microsoft Visual Studio Solution File, Format Version 12.00
# Visual Studio Version 16
VisualStudioVersion = 16.0.29926.136
MinimumVisualStudioVersion = 10.0.40219.1
Project("{FAE04EC0-301F-11D3-BF4B-00C04F79EFBC}") = "AdminRequests", "AdminRequests\AdminRequests.csproj", "{8A34DD35-D1E0-4B1B-85B1-936824F9B1CF}"
EndProject
Global
	GlobalSection(SolutionConfigurationPlatforms) = preSolution
		Debug|Any CPU = Debug|Any CPU
		Release|Any CPU = Release|Any CPU
	EndGlobalSection
	GlobalSection(ProjectConfigurationPlatforms) = postSolution
		{8A34DD35-D1E0-4B1B-85B1-936824F9B1CF}.Debug|Any CPU.ActiveCfg = Debug|Any CPU
		{8A34DD35-D1E0-4B1B-85B1-936824F9B1CF}.Debug|Any CPU.Build.0 = Debug|Any CPU
		{8A34DD35-D1E0-4B1B-85B1-936824F9B1CF}.Release|Any CPU.ActiveCfg = Release|Any CPU
		{8A34DD35-D1E0-4B1B-85B1-936824F9B1CF}.Release|Any CPU.Build.0 = Release|Any CPU
	EndGlobalSection
	GlobalSection(SolutionProperties) = preSolution
		HideSolutionNode = FALSE
	EndGlobalSection
	GlobalSection(ExtensibilityGlobals) = postSolution
		SolutionGuid = {02F8FF4E-FFA0-4B13-ACDB-2CCB6BBD261C}
	EndGlobalSection
EndGlobal
